
Microsoft Visual Studio Solution File, Format Version 12.00
# Visual Studio 15
VisualStudioVersion = 15.0.33026.149
MinimumVisualStudioVersion = 10.0.40219.1
Project("{FAE04EC0-301F-11D3-BF4B-00C04F79EFBC}") = "ESH-Desafio7.Win32", "ESH-Desafio7.Win32\ESH-Desafio7.Win32.csproj", "{DEAA2DE1-F439-4C42-9442-CBA20EFBE51B}"
EndProject
Project("{2150E333-8FDC-42A3-9474-1A3956D46DE8}") = "1-FrontEnd", "1-FrontEnd", "{4157373F-6723-4188-8238-46A6AB5A375F}"
EndProject
Project("{2150E333-8FDC-42A3-9474-1A3956D46DE8}") = "1.0-Win32", "1.0-Win32", "{67A4BF96-0072-4715-AB87-030D788F6039}"
EndProject
Project("{2150E333-8FDC-42A3-9474-1A3956D46DE8}") = "2-BackEnd", "2-BackEnd", "{82202FEC-8ACA-484F-B01A-D5722A313237}"
EndProject
Project("{FAE04EC0-301F-11D3-BF4B-00C04F79EFBC}") = "ESH-Deasfio7.ApplicationService", "ESH-Deasfio7.ApplicationService\ESH-Deasfio7.ApplicationService.csproj", "{188698A1-9D63-4B9C-91B6-0354F55C7283}"
EndProject
Project("{FAE04EC0-301F-11D3-BF4B-00C04F79EFBC}") = "ESH-Deasfio7.DataAccess", "ESH-Deasfio7.DataAccess\ESH-Deasfio7.DataAccess.csproj", "{7DA99CCF-A167-4C7B-8AD2-D4684081CE94}"
EndProject
Project("{FAE04EC0-301F-11D3-BF4B-00C04F79EFBC}") = "ESH-Deasfio7.DomainModel", "ESH-Deasfio7.DomainModel\ESH-Deasfio7.DomainModel.csproj", "{C75BF0E2-5D41-426C-AB33-7D948D854C27}"
EndProject
Project("{2150E333-8FDC-42A3-9474-1A3956D46DE8}") = "2.0-ApplicationService", "2.0-ApplicationService", "{F7B681CB-0702-4719-AED4-E1F980296E8C}"
EndProject
Project("{2150E333-8FDC-42A3-9474-1A3956D46DE8}") = "2.1-DataAccess", "2.1-DataAccess", "{89EE65AE-A5B2-4F0D-9EB2-EFAD5E73C6E4}"
EndProject
Project("{2150E333-8FDC-42A3-9474-1A3956D46DE8}") = "2.2-DomainModel", "2.2-DomainModel", "{BEC3C0AA-F851-468E-967B-948327409325}"
EndProject
Global
	GlobalSection(SolutionConfigurationPlatforms) = preSolution
		Debug|Any CPU = Debug|Any CPU
		Release|Any CPU = Release|Any CPU
	EndGlobalSection
	GlobalSection(ProjectConfigurationPlatforms) = postSolution
		{DEAA2DE1-F439-4C42-9442-CBA20EFBE51B}.Debug|Any CPU.ActiveCfg = Debug|Any CPU
		{DEAA2DE1-F439-4C42-9442-CBA20EFBE51B}.Debug|Any CPU.Build.0 = Debug|Any CPU
		{DEAA2DE1-F439-4C42-9442-CBA20EFBE51B}.Release|Any CPU.ActiveCfg = Release|Any CPU
		{DEAA2DE1-F439-4C42-9442-CBA20EFBE51B}.Release|Any CPU.Build.0 = Release|Any CPU
		{188698A1-9D63-4B9C-91B6-0354F55C7283}.Debug|Any CPU.ActiveCfg = Debug|Any CPU
		{188698A1-9D63-4B9C-91B6-0354F55C7283}.Debug|Any CPU.Build.0 = Debug|Any CPU
		{188698A1-9D63-4B9C-91B6-0354F55C7283}.Release|Any CPU.ActiveCfg = Release|Any CPU
		{188698A1-9D63-4B9C-91B6-0354F55C7283}.Release|Any CPU.Build.0 = Release|Any CPU
		{7DA99CCF-A167-4C7B-8AD2-D4684081CE94}.Debug|Any CPU.ActiveCfg = Debug|Any CPU
		{7DA99CCF-A167-4C7B-8AD2-D4684081CE94}.Debug|Any CPU.Build.0 = Debug|Any CPU
		{7DA99CCF-A167-4C7B-8AD2-D4684081CE94}.Release|Any CPU.ActiveCfg = Release|Any CPU
		{7DA99CCF-A167-4C7B-8AD2-D4684081CE94}.Release|Any CPU.Build.0 = Release|Any CPU
		{C75BF0E2-5D41-426C-AB33-7D948D854C27}.Debug|Any CPU.ActiveCfg = Debug|Any CPU
		{C75BF0E2-5D41-426C-AB33-7D948D854C27}.Debug|Any CPU.Build.0 = Debug|Any CPU
		{C75BF0E2-5D41-426C-AB33-7D948D854C27}.Release|Any CPU.ActiveCfg = Release|Any CPU
		{C75BF0E2-5D41-426C-AB33-7D948D854C27}.Release|Any CPU.Build.0 = Release|Any CPU
	EndGlobalSection
	GlobalSection(SolutionProperties) = preSolution
		HideSolutionNode = FALSE
	EndGlobalSection
	GlobalSection(NestedProjects) = preSolution
		{DEAA2DE1-F439-4C42-9442-CBA20EFBE51B} = {67A4BF96-0072-4715-AB87-030D788F6039}
		{67A4BF96-0072-4715-AB87-030D788F6039} = {4157373F-6723-4188-8238-46A6AB5A375F}
		{188698A1-9D63-4B9C-91B6-0354F55C7283} = {F7B681CB-0702-4719-AED4-E1F980296E8C}
		{7DA99CCF-A167-4C7B-8AD2-D4684081CE94} = {89EE65AE-A5B2-4F0D-9EB2-EFAD5E73C6E4}
		{C75BF0E2-5D41-426C-AB33-7D948D854C27} = {BEC3C0AA-F851-468E-967B-948327409325}
		{F7B681CB-0702-4719-AED4-E1F980296E8C} = {82202FEC-8ACA-484F-B01A-D5722A313237}
		{89EE65AE-A5B2-4F0D-9EB2-EFAD5E73C6E4} = {82202FEC-8ACA-484F-B01A-D5722A313237}
		{BEC3C0AA-F851-468E-967B-948327409325} = {82202FEC-8ACA-484F-B01A-D5722A313237}
	EndGlobalSection
	GlobalSection(ExtensibilityGlobals) = postSolution
		SolutionGuid = {54374E76-2D51-46AA-B3F4-0114DE3A11F4}
	EndGlobalSection
EndGlobal
